name: "Update flakes"
on:
  repository_dispatch:
  workflow_dispatch:
  schedule:
    - cron: "42 4 * * 0,4" # in UTC
permissions:
  pull-requests: write
  contents: write
jobs:
  createPullRequest:
    runs-on: ubuntu-latest
    steps:
      - uses: actions/checkout@v4
      - name: Install Nix
        uses: DeterminateSystems/nix-installer-action@v18
      - name: Add cache
        uses: DeterminateSystems/magic-nix-cache-action@v12
      - name: Check flake
        uses: DeterminateSystems/flake-checker-action@v12
      - name: Update flake.lock
        uses: DeterminateSystems/update-flake-lock@v26
        with:
          pr-labels: | # Labels to be set on the PR
            merge-queue
